// !$*UTF8*$!
{
	archiveVersion = 1;
	classes = {
	};
	objectVersion = 56;
	objects = {

/* Begin PBXBuildFile section */
		E15002EA2BB7C94A006C6F58 /* wordlApp.swift in Sources */ = {isa = PBXBuildFile; fileRef = E15002E92BB7C94A006C6F58 /* wordlApp.swift */; };
		E15002EC2BB7C94A006C6F58 /* ContentView.swift in Sources */ = {isa = PBXBuildFile; fileRef = E15002EB2BB7C94A006C6F58 /* ContentView.swift */; };
		E15002EE2BB7C94C006C6F58 /* Assets.xcassets in Resources */ = {isa = PBXBuildFile; fileRef = E15002ED2BB7C94C006C6F58 /* Assets.xcassets */; };
		E15002F22BB7C94C006C6F58 /* Preview Assets.xcassets in Resources */ = {isa = PBXBuildFile; fileRef = E15002F12BB7C94C006C6F58 /* Preview Assets.xcassets */; };
		E15002FC2BB7C94C006C6F58 /* wordlTests.swift in Sources */ = {isa = PBXBuildFile; fileRef = E15002FB2BB7C94C006C6F58 /* wordlTests.swift */; };
		E15003062BB7C94C006C6F58 /* wordlUITests.swift in Sources */ = {isa = PBXBuildFile; fileRef = E15003052BB7C94C006C6F58 /* wordlUITests.swift */; };
		E15003082BB7C94C006C6F58 /* wordlUITestsLaunchTests.swift in Sources */ = {isa = PBXBuildFile; fileRef = E15003072BB7C94C006C6F58 /* wordlUITestsLaunchTests.swift */; };
/* End PBXBuildFile section */

/* Begin PBXContainerItemProxy section */
		E15002F82BB7C94C006C6F58 /* PBXContainerItemProxy */ = {
			isa = PBXContainerItemProxy;
			containerPortal = E15002DE2BB7C94A006C6F58 /* Project object */;
			proxyType = 1;
			remoteGlobalIDString = E15002E52BB7C94A006C6F58;
			remoteInfo = wordl;
		};
		E15003022BB7C94C006C6F58 /* PBXContainerItemProxy */ = {
			isa = PBXContainerItemProxy;
			containerPortal = E15002DE2BB7C94A006C6F58 /* Project object */;
			proxyType = 1;
			remoteGlobalIDString = E15002E52BB7C94A006C6F58;
			remoteInfo = wordl;
		};
/* End PBXContainerItemProxy section */

/* Begin PBXFileReference section */
		E15002E62BB7C94A006C6F58 /* wordl.app */ = {isa = PBXFileReference; explicitFileType = wrapper.application; includeInIndex = 0; path = wordl.app; sourceTree = BUILT_PRODUCTS_DIR; };
		E15002E92BB7C94A006C6F58 /* wordlApp.swift */ = {isa = PBXFileReference; lastKnownFileType = sourcecode.swift; path = wordlApp.swift; sourceTree = "<group>"; };
		E15002EB2BB7C94A006C6F58 /* ContentView.swift */ = {isa = PBXFileReference; lastKnownFileType = sourcecode.swift; path = ContentView.swift; sourceTree = "<group>"; };
		E15002ED2BB7C94C006C6F58 /* Assets.xcassets */ = {isa = PBXFileReference; lastKnownFileType = folder.assetcatalog; path = Assets.xcassets; sourceTree = "<group>"; };
		E15002EF2BB7C94C006C6F58 /* wordl.entitlements */ = {isa = PBXFileReference; lastKnownFileType = text.plist.entitlements; path = wordl.entitlements; sourceTree = "<group>"; };
		E15002F12BB7C94C006C6F58 /* Preview Assets.xcassets */ = {isa = PBXFileReference; lastKnownFileType = folder.assetcatalog; path = "Preview Assets.xcassets"; sourceTree = "<group>"; };
		E15002F72BB7C94C006C6F58 /* wordlTests.xctest */ = {isa = PBXFileReference; explicitFileType = wrapper.cfbundle; includeInIndex = 0; path = wordlTests.xctest; sourceTree = BUILT_PRODUCTS_DIR; };
		E15002FB2BB7C94C006C6F58 /* wordlTests.swift */ = {isa = PBXFileReference; lastKnownFileType = sourcecode.swift; path = wordlTests.swift; sourceTree = "<group>"; };
		E15003012BB7C94C006C6F58 /* wordlUITests.xctest */ = {isa = PBXFileReference; explicitFileType = wrapper.cfbundle; includeInIndex = 0; path = wordlUITests.xctest; sourceTree = BUILT_PRODUCTS_DIR; };
		E15003052BB7C94C006C6F58 /* wordlUITests.swift */ = {isa = PBXFileReference; lastKnownFileType = sourcecode.swift; path = wordlUITests.swift; sourceTree = "<group>"; };
		E15003072BB7C94C006C6F58 /* wordlUITestsLaunchTests.swift */ = {isa = PBXFileReference; lastKnownFileType = sourcecode.swift; path = wordlUITestsLaunchTests.swift; sourceTree = "<group>"; };
/* End PBXFileReference section */

/* Begin PBXFrameworksBuildPhase section */
		E15002E32BB7C94A006C6F58 /* Frameworks */ = {
			isa = PBXFrameworksBuildPhase;
			buildActionMask = 2147483647;
			files = (
			);
			runOnlyForDeploymentPostprocessing = 0;
		};
		E15002F42BB7C94C006C6F58 /* Frameworks */ = {
			isa = PBXFrameworksBuildPhase;
			buildActionMask = 2147483647;
			files = (
			);
			runOnlyForDeploymentPostprocessing = 0;
		};
		E15002FE2BB7C94C006C6F58 /* Frameworks */ = {
			isa = PBXFrameworksBuildPhase;
			buildActionMask = 2147483647;
			files = (
			);
			runOnlyForDeploymentPostprocessing = 0;
		};
/* End PBXFrameworksBuildPhase section */

/* Begin PBXGroup section */
		E15002DD2BB7C94A006C6F58 = {
			isa = PBXGroup;
			children = (
				E15002E82BB7C94A006C6F58 /* wordl */,
				E15002FA2BB7C94C006C6F58 /* wordlTests */,
				E15003042BB7C94C006C6F58 /* wordlUITests */,
				E15002E72BB7C94A006C6F58 /* Products */,
			);
			sourceTree = "<group>";
		};
		E15002E72BB7C94A006C6F58 /* Products */ = {
			isa = PBXGroup;
			children = (
				E15002E62BB7C94A006C6F58 /* wordl.app */,
				E15002F72BB7C94C006C6F58 /* wordlTests.xctest */,
				E15003012BB7C94C006C6F58 /* wordlUITests.xctest */,
			);
			name = Products;
			sourceTree = "<group>";
		};
		E15002E82BB7C94A006C6F58 /* wordl */ = {
			isa = PBXGroup;
			children = (
				E15002E92BB7C94A006C6F58 /* wordlApp.swift */,
				E15002EB2BB7C94A006C6F58 /* ContentView.swift */,
				E15002ED2BB7C94C006C6F58 /* Assets.xcassets */,
				E15002EF2BB7C94C006C6F58 /* wordl.entitlements */,
				E15002F02BB7C94C006C6F58 /* Preview Content */,
			);
			path = wordl;
			sourceTree = "<group>";
		};
		E15002F02BB7C94C006C6F58 /* Preview Content */ = {
			isa = PBXGroup;
			children = (
				E15002F12BB7C94C006C6F58 /* Preview Assets.xcassets */,
			);
			path = "Preview Content";
			sourceTree = "<group>";
		};
		E15002FA2BB7C94C006C6F58 /* wordlTests */ = {
			isa = PBXGroup;
			children = (
				E15002FB2BB7C94C006C6F58 /* wordlTests.swift */,
			);
			path = wordlTests;
			sourceTree = "<group>";
		};
		E15003042BB7C94C006C6F58 /* wordlUITests */ = {
			isa = PBXGroup;
			children = (
				E15003052BB7C94C006C6F58 /* wordlUITests.swift */,
				E15003072BB7C94C006C6F58 /* wordlUITestsLaunchTests.swift */,
			);
			path = wordlUITests;
			sourceTree = "<group>";
		};
/* End PBXGroup section */

/* Begin PBXNativeTarget section */
		E15002E52BB7C94A006C6F58 /* wordl */ = {
			isa = PBXNativeTarget;
			buildConfigurationList = E150030B2BB7C94C006C6F58 /* Build configuration list for PBXNativeTarget "wordl" */;
			buildPhases = (
				E15002E22BB7C94A006C6F58 /* Sources */,
				E15002E32BB7C94A006C6F58 /* Frameworks */,
				E15002E42BB7C94A006C6F58 /* Resources */,
			);
			buildRules = (
			);
			dependencies = (
			);
			name = wordl;
			productName = wordl;
			productReference = E15002E62BB7C94A006C6F58 /* wordl.app */;
			productType = "com.apple.product-type.application";
		};
		E15002F62BB7C94C006C6F58 /* wordlTests */ = {
			isa = PBXNativeTarget;
			buildConfigurationList = E150030E2BB7C94C006C6F58 /* Build configuration list for PBXNativeTarget "wordlTests" */;
			buildPhases = (
				E15002F32BB7C94C006C6F58 /* Sources */,
				E15002F42BB7C94C006C6F58 /* Frameworks */,
				E15002F52BB7C94C006C6F58 /* Resources */,
			);
			buildRules = (
			);
			dependencies = (
				E15002F92BB7C94C006C6F58 /* PBXTargetDependency */,
			);
			name = wordlTests;
			productName = wordlTests;
			productReference = E15002F72BB7C94C006C6F58 /* wordlTests.xctest */;
			productType = "com.apple.product-type.bundle.unit-test";
		};
		E15003002BB7C94C006C6F58 /* wordlUITests */ = {
			isa = PBXNativeTarget;
			buildConfigurationList = E15003112BB7C94C006C6F58 /* Build configuration list for PBXNativeTarget "wordlUITests" */;
			buildPhases = (
				E15002FD2BB7C94C006C6F58 /* Sources */,
				E15002FE2BB7C94C006C6F58 /* Frameworks */,
				E15002FF2BB7C94C006C6F58 /* Resources */,
			);
			buildRules = (
			);
			dependencies = (
				E15003032BB7C94C006C6F58 /* PBXTargetDependency */,
			);
			name = wordlUITests;
			productName = wordlUITests;
			productReference = E15003012BB7C94C006C6F58 /* wordlUITests.xctest */;
			productType = "com.apple.product-type.bundle.ui-testing";
		};
/* End PBXNativeTarget section */

/* Begin PBXProject section */
		E15002DE2BB7C94A006C6F58 /* Project object */ = {
			isa = PBXProject;
			attributes = {
				BuildIndependentTargetsInParallel = 1;
				LastSwiftUpdateCheck = 1530;
				LastUpgradeCheck = 1530;
				TargetAttributes = {
					E15002E52BB7C94A006C6F58 = {
						CreatedOnToolsVersion = 15.3;
					};
					E15002F62BB7C94C006C6F58 = {
						CreatedOnToolsVersion = 15.3;
						TestTargetID = E15002E52BB7C94A006C6F58;
					};
					E15003002BB7C94C006C6F58 = {
						CreatedOnToolsVersion = 15.3;
						TestTargetID = E15002E52BB7C94A006C6F58;
					};
				};
			};
			buildConfigurationList = E15002E12BB7C94A006C6F58 /* Build configuration list for PBXProject "wordl" */;
			compatibilityVersion = "Xcode 14.0";
			developmentRegion = en;
			hasScannedForEncodings = 0;
			knownRegions = (
				en,
				Base,
			);
			mainGroup = E15002DD2BB7C94A006C6F58;
			productRefGroup = E15002E72BB7C94A006C6F58 /* Products */;
			projectDirPath = "";
			projectRoot = "";
			targets = (
				E15002E52BB7C94A006C6F58 /* wordl */,
				E15002F62BB7C94C006C6F58 /* wordlTests */,
				E15003002BB7C94C006C6F58 /* wordlUITests */,
			);
		};
/* End PBXProject section */

/* Begin PBXResourcesBuildPhase section */
		E15002E42BB7C94A006C6F58 /* Resources */ = {
			isa = PBXResourcesBuildPhase;
			buildActionMask = 2147483647;
			files = (
				E15002F22BB7C94C006C6F58 /* Preview Assets.xcassets in Resources */,
				E15002EE2BB7C94C006C6F58 /* Assets.xcassets in Resources */,
			);
			runOnlyForDeploymentPostprocessing = 0;
		};
		E15002F52BB7C94C006C6F58 /* Resources */ = {
			isa = PBXResourcesBuildPhase;
			buildActionMask = 2147483647;
			files = (
			);
			runOnlyForDeploymentPostprocessing = 0;
		};
		E15002FF2BB7C94C006C6F58 /* Resources */ = {
			isa = PBXResourcesBuildPhase;
			buildActionMask = 2147483647;
			files = (
			);
			runOnlyForDeploymentPostprocessing = 0;
		};
/* End PBXResourcesBuildPhase section */

/* Begin PBXSourcesBuildPhase section */
		E15002E22BB7C94A006C6F58 /* Sources */ = {
			isa = PBXSourcesBuildPhase;
			buildActionMask = 2147483647;
			files = (
				E15002EC2BB7C94A006C6F58 /* ContentView.swift in Sources */,
				E15002EA2BB7C94A006C6F58 /* wordlApp.swift in Sources */,
			);
			runOnlyForDeploymentPostprocessing = 0;
		};
		E15002F32BB7C94C006C6F58 /* Sources */ = {
			isa = PBXSourcesBuildPhase;
			buildActionMask = 2147483647;
			files = (
				E15002FC2BB7C94C006C6F58 /* wordlTests.swift in Sources */,
			);
			runOnlyForDeploymentPostprocessing = 0;
		};
		E15002FD2BB7C94C006C6F58 /* Sources */ = {
			isa = PBXSourcesBuildPhase;
			buildActionMask = 2147483647;
			files = (
				E15003062BB7C94C006C6F58 /* wordlUITests.swift in Sources */,
				E15003082BB7C94C006C6F58 /* wordlUITestsLaunchTests.swift in Sources */,
			);
			runOnlyForDeploymentPostprocessing = 0;
		};
/* End PBXSourcesBuildPhase section */

/* Begin PBXTargetDependency section */
		E15002F92BB7C94C006C6F58 /* PBXTargetDependency */ = {
			isa = PBXTargetDependency;
			target = E15002E52BB7C94A006C6F58 /* wordl */;
			targetProxy = E15002F82BB7C94C006C6F58 /* PBXContainerItemProxy */;
		};
		E15003032BB7C94C006C6F58 /* PBXTargetDependency */ = {
			isa = PBXTargetDependency;
			target = E15002E52BB7C94A006C6F58 /* wordl */;
			targetProxy = E15003022BB7C94C006C6F58 /* PBXContainerItemProxy */;
		};
/* End PBXTargetDependency section */

/* Begin XCBuildConfiguration section */
		E15003092BB7C94C006C6F58 /* Debug */ = {
			isa = XCBuildConfiguration;
			buildSettings = {
				ALWAYS_SEARCH_USER_PATHS = NO;
				ASSETCATALOG_COMPILER_GENERATE_SWIFT_ASSET_SYMBOL_EXTENSIONS = YES;
				CLANG_ANALYZER_NONNULL = YES;
				CLANG_ANALYZER_NUMBER_OBJECT_CONVERSION = YES_AGGRESSIVE;
				CLANG_CXX_LANGUAGE_STANDARD = "gnu++20";
				CLANG_ENABLE_MODULES = YES;
				CLANG_ENABLE_OBJC_ARC = YES;
				CLANG_ENABLE_OBJC_WEAK = YES;
				CLANG_WARN_BLOCK_CAPTURE_AUTORELEASING = YES;
				CLANG_WARN_BOOL_CONVERSION = YES;
				CLANG_WARN_COMMA = YES;
				CLANG_WARN_CONSTANT_CONVERSION = YES;
				CLANG_WARN_DEPRECATED_OBJC_IMPLEMENTATIONS = YES;
				CLANG_WARN_DIRECT_OBJC_ISA_USAGE = YES_ERROR;
				CLANG_WARN_DOCUMENTATION_COMMENTS = YES;
				CLANG_WARN_EMPTY_BODY = YES;
				CLANG_WARN_ENUM_CONVERSION = YES;
				CLANG_WARN_INFINITE_RECURSION = YES;
				CLANG_WARN_INT_CONVERSION = YES;
				CLANG_WARN_NON_LITERAL_NULL_CONVERSION = YES;
				CLANG_WARN_OBJC_IMPLICIT_RETAIN_SELF = YES;
				CLANG_WARN_OBJC_LITERAL_CONVERSION = YES;
				CLANG_WARN_OBJC_ROOT_CLASS = YES_ERROR;
				CLANG_WARN_QUOTED_INCLUDE_IN_FRAMEWORK_HEADER = YES;
				CLANG_WARN_RANGE_LOOP_ANALYSIS = YES;
				CLANG_WARN_STRICT_PROTOTYPES = YES;
				CLANG_WARN_SUSPICIOUS_MOVE = YES;
				CLANG_WARN_UNGUARDED_AVAILABILITY = YES_AGGRESSIVE;
				CLANG_WARN_UNREACHABLE_CODE = YES;
				CLANG_WARN__DUPLICATE_METHOD_MATCH = YES;
				COPY_PHASE_STRIP = NO;
				DEBUG_INFORMATION_FORMAT = dwarf;
				ENABLE_STRICT_OBJC_MSGSEND = YES;
				ENABLE_TESTABILITY = YES;
				ENABLE_USER_SCRIPT_SANDBOXING = YES;
				GCC_C_LANGUAGE_STANDARD = gnu17;
				GCC_DYNAMIC_NO_PIC = NO;
				GCC_NO_COMMON_BLOCKS = YES;
				GCC_OPTIMIZATION_LEVEL = 0;
				GCC_PREPROCESSOR_DEFINITIONS = (
					"DEBUG=1",
					"$(inherited)",
				);
				GCC_WARN_64_TO_32_BIT_CONVERSION = YES;
				GCC_WARN_ABOUT_RETURN_TYPE = YES_ERROR;
				GCC_WARN_UNDECLARED_SELECTOR = YES;
				GCC_WARN_UNINITIALIZED_AUTOS = YES_AGGRESSIVE;
				GCC_WARN_UNUSED_FUNCTION = YES;
				GCC_WARN_UNUSED_VARIABLE = YES;
				LOCALIZATION_PREFERS_STRING_CATALOGS = YES;
				MTL_ENABLE_DEBUG_INFO = INCLUDE_SOURCE;
				MTL_FAST_MATH = YES;
				ONLY_ACTIVE_ARCH = YES;
				SWIFT_ACTIVE_COMPILATION_CONDITIONS = "DEBUG $(inherited)";
				SWIFT_OPTIMIZATION_LEVEL = "-Onone";
			};
			name = Debug;
		};
		E150030A2BB7C94C006C6F58 /* Release */ = {
			isa = XCBuildConfiguration;
			buildSettings = {
				ALWAYS_SEARCH_USER_PATHS = NO;
				ASSETCATALOG_COMPILER_GENERATE_SWIFT_ASSET_SYMBOL_EXTENSIONS = YES;
				CLANG_ANALYZER_NONNULL = YES;
				CLANG_ANALYZER_NUMBER_OBJECT_CONVERSION = YES_AGGRESSIVE;
				CLANG_CXX_LANGUAGE_STANDARD = "gnu++20";
				CLANG_ENABLE_MODULES = YES;
				CLANG_ENABLE_OBJC_ARC = YES;
				CLANG_ENABLE_OBJC_WEAK = YES;
				CLANG_WARN_BLOCK_CAPTURE_AUTORELEASING = YES;
				CLANG_WARN_BOOL_CONVERSION = YES;
				CLANG_WARN_COMMA = YES;
				CLANG_WARN_CONSTANT_CONVERSION = YES;
				CLANG_WARN_DEPRECATED_OBJC_IMPLEMENTATIONS = YES;
				CLANG_WARN_DIRECT_OBJC_ISA_USAGE = YES_ERROR;
				CLANG_WARN_DOCUMENTATION_COMMENTS = YES;
				CLANG_WARN_EMPTY_BODY = YES;
				CLANG_WARN_ENUM_CONVERSION = YES;
				CLANG_WARN_INFINITE_RECURSION = YES;
				CLANG_WARN_INT_CONVERSION = YES;
				CLANG_WARN_NON_LITERAL_NULL_CONVERSION = YES;
				CLANG_WARN_OBJC_IMPLICIT_RETAIN_SELF = YES;
				CLANG_WARN_OBJC_LITERAL_CONVERSION = YES;
				CLANG_WARN_OBJC_ROOT_CLASS = YES_ERROR;
				CLANG_WARN_QUOTED_INCLUDE_IN_FRAMEWORK_HEADER = YES;
				CLANG_WARN_RANGE_LOOP_ANALYSIS = YES;
				CLANG_WARN_STRICT_PROTOTYPES = YES;
				CLANG_WARN_SUSPICIOUS_MOVE = YES;
				CLANG_WARN_UNGUARDED_AVAILABILITY = YES_AGGRESSIVE;
				CLANG_WARN_UNREACHABLE_CODE = YES;
				CLANG_WARN__DUPLICATE_METHOD_MATCH = YES;
				COPY_PHASE_STRIP = NO;
				DEBUG_INFORMATION_FORMAT = "dwarf-with-dsym";
				ENABLE_NS_ASSERTIONS = NO;
				ENABLE_STRICT_OBJC_MSGSEND = YES;
				ENABLE_USER_SCRIPT_SANDBOXING = YES;
				GCC_C_LANGUAGE_STANDARD = gnu17;
				GCC_NO_COMMON_BLOCKS = YES;
				GCC_WARN_64_TO_32_BIT_CONVERSION = YES;
				GCC_WARN_ABOUT_RETURN_TYPE = YES_ERROR;
				GCC_WARN_UNDECLARED_SELECTOR = YES;
				GCC_WARN_UNINITIALIZED_AUTOS = YES_AGGRESSIVE;
				GCC_WARN_UNUSED_FUNCTION = YES;
				GCC_WARN_UNUSED_VARIABLE = YES;
				LOCALIZATION_PREFERS_STRING_CATALOGS = YES;
				MTL_ENABLE_DEBUG_INFO = NO;
				MTL_FAST_MATH = YES;
				SWIFT_COMPILATION_MODE = wholemodule;
			};
			name = Release;
		};
		E150030C2BB7C94C006C6F58 /* Debug */ = {
			isa = XCBuildConfiguration;
			buildSettings = {
				ASSETCATALOG_COMPILER_APPICON_NAME = AppIcon;
				ASSETCATALOG_COMPILER_GLOBAL_ACCENT_COLOR_NAME = AccentColor;
				CODE_SIGN_ENTITLEMENTS = wordl/wordl.entitlements;
				CODE_SIGN_STYLE = Automatic;
				CURRENT_PROJECT_VERSION = 1;
				DEVELOPMENT_ASSET_PATHS = "\"wordl/Preview Content\"";
				ENABLE_PREVIEWS = YES;
				GENERATE_INFOPLIST_FILE = YES;
				"INFOPLIST_KEY_UIApplicationSceneManifest_Generation[sdk=iphoneos*]" = YES;
				"INFOPLIST_KEY_UIApplicationSceneManifest_Generation[sdk=iphonesimulator*]" = YES;
				"INFOPLIST_KEY_UIApplicationSupportsIndirectInputEvents[sdk=iphoneos*]" = YES;
				"INFOPLIST_KEY_UIApplicationSupportsIndirectInputEvents[sdk=iphonesimulator*]" = YES;
				"INFOPLIST_KEY_UILaunchScreen_Generation[sdk=iphoneos*]" = YES;
				"INFOPLIST_KEY_UILaunchScreen_Generation[sdk=iphonesimulator*]" = YES;
				"INFOPLIST_KEY_UIStatusBarStyle[sdk=iphoneos*]" = UIStatusBarStyleDefault;
				"INFOPLIST_KEY_UIStatusBarStyle[sdk=iphonesimulator*]" = UIStatusBarStyleDefault;
				INFOPLIST_KEY_UISupportedInterfaceOrientations_iPad = "UIInterfaceOrientationPortrait UIInterfaceOrientationPortraitUpsideDown UIInterfaceOrientationLandscapeLeft UIInterfaceOrientationLandscapeRight";
				INFOPLIST_KEY_UISupportedInterfaceOrientations_iPhone = "UIInterfaceOrientationPortrait UIInterfaceOrientationLandscapeLeft UIInterfaceOrientationLandscapeRight";
				IPHONEOS_DEPLOYMENT_TARGET = 17.4;
				LD_RUNPATH_SEARCH_PATHS = "@executable_path/Frameworks";
				"LD_RUNPATH_SEARCH_PATHS[sdk=macosx*]" = "@executable_path/../Frameworks";
				MACOSX_DEPLOYMENT_TARGET = 14.4;
				MARKETING_VERSION = 1.0;
				PRODUCT_BUNDLE_IDENTIFIER = guwanch.wordl;
				PRODUCT_NAME = "$(TARGET_NAME)";
				SDKROOT = auto;
				SUPPORTED_PLATFORMS = "iphoneos iphonesimulator macosx";
				SWIFT_EMIT_LOC_STRINGS = YES;
				SWIFT_VERSION = 5.0;
				TARGETED_DEVICE_FAMILY = "1,2";
			};
			name = Debug;
		};
		E150030D2BB7C94C006C6F58 /* Release */ = {
			isa = XCBuildConfiguration;
			buildSettings = {
				ASSETCATALOG_COMPILER_APPICON_NAME = AppIcon;
				ASSETCATALOG_COMPILER_GLOBAL_ACCENT_COLOR_NAME = AccentColor;
				CODE_SIGN_ENTITLEMENTS = wordl/wordl.entitlements;
				CODE_SIGN_STYLE = Automatic;
				CURRENT_PROJECT_VERSION = 1;
				DEVELOPMENT_ASSET_PATHS = "\"wordl/Preview Content\"";
				ENABLE_PREVIEWS = YES;
				GENERATE_INFOPLIST_FILE = YES;
				"INFOPLIST_KEY_UIApplicationSceneManifest_Generation[sdk=iphoneos*]" = YES;
				"INFOPLIST_KEY_UIApplicationSceneManifest_Generation[sdk=iphonesimulator*]" = YES;
				"INFOPLIST_KEY_UIApplicationSupportsIndirectInputEvents[sdk=iphoneos*]" = YES;
				"INFOPLIST_KEY_UIApplicationSupportsIndirectInputEvents[sdk=iphonesimulator*]" = YES;
				"INFOPLIST_KEY_UILaunchScreen_Generation[sdk=iphoneos*]" = YES;
				"INFOPLIST_KEY_UILaunchScreen_Generation[sdk=iphonesimulator*]" = YES;
				"INFOPLIST_KEY_UIStatusBarStyle[sdk=iphoneos*]" = UIStatusBarStyleDefault;
				"INFOPLIST_KEY_UIStatusBarStyle[sdk=iphonesimulator*]" = UIStatusBarStyleDefault;
				INFOPLIST_KEY_UISupportedInterfaceOrientations_iPad = "UIInterfaceOrientationPortrait UIInterfaceOrientationPortraitUpsideDown UIInterfaceOrientationLandscapeLeft UIInterfaceOrientationLandscapeRight";
				INFOPLIST_KEY_UISupportedInterfaceOrientations_iPhone = "UIInterfaceOrientationPortrait UIInterfaceOrientationLandscapeLeft UIInterfaceOrientationLandscapeRight";
				IPHONEOS_DEPLOYMENT_TARGET = 17.4;
				LD_RUNPATH_SEARCH_PATHS = "@executable_path/Frameworks";
				"LD_RUNPATH_SEARCH_PATHS[sdk=macosx*]" = "@executable_path/../Frameworks";
				MACOSX_DEPLOYMENT_TARGET = 14.4;
				MARKETING_VERSION = 1.0;
				PRODUCT_BUNDLE_IDENTIFIER = guwanch.wordl;
				PRODUCT_NAME = "$(TARGET_NAME)";
				SDKROOT = auto;
				SUPPORTED_PLATFORMS = "iphoneos iphonesimulator macosx";
				SWIFT_EMIT_LOC_STRINGS = YES;
				SWIFT_VERSION = 5.0;
				TARGETED_DEVICE_FAMILY = "1,2";
			};
			name = Release;
		};
		E150030F2BB7C94C006C6F58 /* Debug */ = {
			isa = XCBuildConfiguration;
			buildSettings = {
				ALWAYS_EMBED_SWIFT_STANDARD_LIBRARIES = YES;
				BUNDLE_LOADER = "$(TEST_HOST)";
				CODE_SIGN_STYLE = Automatic;
				CURRENT_PROJECT_VERSION = 1;
				GENERATE_INFOPLIST_FILE = YES;
				IPHONEOS_DEPLOYMENT_TARGET = 17.4;
				MACOSX_DEPLOYMENT_TARGET = 14.4;
				MARKETING_VERSION = 1.0;
				PRODUCT_BUNDLE_IDENTIFIER = guwanch.wordlTests;
				PRODUCT_NAME = "$(TARGET_NAME)";
				SDKROOT = auto;
				SUPPORTED_PLATFORMS = "iphoneos iphonesimulator macosx";
				SWIFT_EMIT_LOC_STRINGS = NO;
				SWIFT_VERSION = 5.0;
				TARGETED_DEVICE_FAMILY = "1,2";
				TEST_HOST = "$(BUILT_PRODUCTS_DIR)/wordl.app/$(BUNDLE_EXECUTABLE_FOLDER_PATH)/wordl";
			};
			name = Debug;
		};
		E15003102BB7C94C006C6F58 /* Release */ = {
			isa = XCBuildConfiguration;
			buildSettings = {
				ALWAYS_EMBED_SWIFT_STANDARD_LIBRARIES = YES;
				BUNDLE_LOADER = "$(TEST_HOST)";
				CODE_SIGN_STYLE = Automatic;
				CURRENT_PROJECT_VERSION = 1;
				GENERATE_INFOPLIST_FILE = YES;
				IPHONEOS_DEPLOYMENT_TARGET = 17.4;
				MACOSX_DEPLOYMENT_TARGET = 14.4;
				MARKETING_VERSION = 1.0;
				PRODUCT_BUNDLE_IDENTIFIER = guwanch.wordlTests;
				PRODUCT_NAME = "$(TARGET_NAME)";
				SDKROOT = auto;
				SUPPORTED_PLATFORMS = "iphoneos iphonesimulator macosx";
				SWIFT_EMIT_LOC_STRINGS = NO;
				SWIFT_VERSION = 5.0;
				TARGETED_DEVICE_FAMILY = "1,2";
				TEST_HOST = "$(BUILT_PRODUCTS_DIR)/wordl.app/$(BUNDLE_EXECUTABLE_FOLDER_PATH)/wordl";
			};
			name = Release;
		};
		E15003122BB7C94C006C6F58 /* Debug */ = {
			isa = XCBuildConfiguration;
			buildSettings = {
				ALWAYS_EMBED_SWIFT_STANDARD_LIBRARIES = YES;
				CODE_SIGN_STYLE = Automatic;
				CURRENT_PROJECT_VERSION = 1;
				GENERATE_INFOPLIST_FILE = YES;
				IPHONEOS_DEPLOYMENT_TARGET = 17.4;
				MACOSX_DEPLOYMENT_TARGET = 14.4;
				MARKETING_VERSION = 1.0;
				PRODUCT_BUNDLE_IDENTIFIER = guwanch.wordlUITests;
				PRODUCT_NAME = "$(TARGET_NAME)";
				SDKROOT = auto;
				SUPPORTED_PLATFORMS = "iphoneos iphonesimulator macosx";
				SWIFT_EMIT_LOC_STRINGS = NO;
				SWIFT_VERSION = 5.0;
				TARGETED_DEVICE_FAMILY = "1,2";
				TEST_TARGET_NAME = wordl;
			};
			name = Debug;
		};
		E15003132BB7C94C006C6F58 /* Release */ = {
			isa = XCBuildConfiguration;
			buildSettings = {
				ALWAYS_EMBED_SWIFT_STANDARD_LIBRARIES = YES;
				CODE_SIGN_STYLE = Automatic;
				CURRENT_PROJECT_VERSION = 1;
				GENERATE_INFOPLIST_FILE = YES;
				IPHONEOS_DEPLOYMENT_TARGET = 17.4;
				MACOSX_DEPLOYMENT_TARGET = 14.4;
				MARKETING_VERSION = 1.0;
				PRODUCT_BUNDLE_IDENTIFIER = guwanch.wordlUITests;
				PRODUCT_NAME = "$(TARGET_NAME)";
				SDKROOT = auto;
				SUPPORTED_PLATFORMS = "iphoneos iphonesimulator macosx";
				SWIFT_EMIT_LOC_STRINGS = NO;
				SWIFT_VERSION = 5.0;
				TARGETED_DEVICE_FAMILY = "1,2";
				TEST_TARGET_NAME = wordl;
			};
			name = Release;
		};
/* End XCBuildConfiguration section */

/* Begin XCConfigurationList section */
		E15002E12BB7C94A006C6F58 /* Build configuration list for PBXProject "wordl" */ = {
			isa = XCConfigurationList;
			buildConfigurations = (
				E15003092BB7C94C006C6F58 /* Debug */,
				E150030A2BB7C94C006C6F58 /* Release */,
			);
			defaultConfigurationIsVisible = 0;
			defaultConfigurationName = Release;
		};
		E150030B2BB7C94C006C6F58 /* Build configuration list for PBXNativeTarget "wordl" */ = {
			isa = XCConfigurationList;
			buildConfigurations = (
				E150030C2BB7C94C006C6F58 /* Debug */,
				E150030D2BB7C94C006C6F58 /* Release */,
			);
			defaultConfigurationIsVisible = 0;
			defaultConfigurationName = Release;
		};
		E150030E2BB7C94C006C6F58 /* Build configuration list for PBXNativeTarget "wordlTests" */ = {
			isa = XCConfigurationList;
			buildConfigurations = (
				E150030F2BB7C94C006C6F58 /* Debug */,
				E15003102BB7C94C006C6F58 /* Release */,
			);
			defaultConfigurationIsVisible = 0;
			defaultConfigurationName = Release;
		};
		E15003112BB7C94C006C6F58 /* Build configuration list for PBXNativeTarget "wordlUITests" */ = {
			isa = XCConfigurationList;
			buildConfigurations = (
				E15003122BB7C94C006C6F58 /* Debug */,
				E15003132BB7C94C006C6F58 /* Release */,
			);
			defaultConfigurationIsVisible = 0;
			defaultConfigurationName = Release;
		};
/* End XCConfigurationList section */
	};
	rootObject = E15002DE2BB7C94A006C6F58 /* Project object */;
}
